
Microsoft Visual Studio Solution File, Format Version 12.00
# Visual Studio Version 17
VisualStudioVersion = 17.9.34728.123
MinimumVisualStudioVersion = 10.0.40219.1
Project("{FAE04EC0-301F-11D3-BF4B-00C04F79EFBC}") = "JoceApp", "JoceApp\JoceApp.csproj", "{7D5BC64D-E7E3-461B-9DCE-7F60953F87DE}"
EndProject
Global
	GlobalSection(SolutionConfigurationPlatforms) = preSolution
		Debug|Any CPU = Debug|Any CPU
		Release|Any CPU = Release|Any CPU
	EndGlobalSection
	GlobalSection(ProjectConfigurationPlatforms) = postSolution
		{7D5BC64D-E7E3-461B-9DCE-7F60953F87DE}.Debug|Any CPU.ActiveCfg = Debug|Any CPU
		{7D5BC64D-E7E3-461B-9DCE-7F60953F87DE}.Debug|Any CPU.Build.0 = Debug|Any CPU
		{7D5BC64D-E7E3-461B-9DCE-7F60953F87DE}.Release|Any CPU.ActiveCfg = Release|Any CPU
		{7D5BC64D-E7E3-461B-9DCE-7F60953F87DE}.Release|Any CPU.Build.0 = Release|Any CPU
	EndGlobalSection
	GlobalSection(SolutionProperties) = preSolution
		HideSolutionNode = FALSE
	EndGlobalSection
	GlobalSection(ExtensibilityGlobals) = postSolution
		SolutionGuid = {976F557C-5E6C-437A-8192-5B9B2218F696}
	EndGlobalSection
EndGlobal
